// !$*UTF8*$!
{
	archiveVersion = 1;
	classes = {
	};
	objectVersion = 45;
	objects = {

/* Begin PBXBuildFile section */
		748E53AA2ACC224900DFAC87 /* InfoPlist.strings in Resources */ = {isa = PBXBuildFile; fileRef = 748E53A82ACC224900DFAC87 /* InfoPlist.strings */; };
		748E53AC2ACC224900DFAC87 /* overclock.c in Sources */ = {isa = PBXBuildFile; fileRef = 748E53AB2ACC224900DFAC87 /* overclock.c */; };
		74AA8EA62AE11C6100D1885C /* smbus_i386.s in Sources */ = {isa = PBXBuildFile; fileRef = 74AA8EA42AE11C6000D1885C /* smbus_i386.s */; };
		74AA8EA72AE11C6100D1885C /* smbus_x86_64.s in Sources */ = {isa = PBXBuildFile; fileRef = 74AA8EA52AE11C6100D1885C /* smbus_x86_64.s */; };
		74AA8EAF2AE1278E00D1885C /* main.c in Sources */ = {isa = PBXBuildFile; fileRef = 74AA8EAE2AE1278E00D1885C /* main.c */; };
/* End PBXBuildFile section */

/* Begin PBXCopyFilesBuildPhase section */
		74AA8EAA2AE1278E00D1885C /* CopyFiles */ = {
			isa = PBXCopyFilesBuildPhase;
			buildActionMask = 2147483647;
			dstPath = /usr/share/man/man1/;
			dstSubfolderSpec = 0;
			files = (
			);
			runOnlyForDeploymentPostprocessing = 1;
		};
/* End PBXCopyFilesBuildPhase section */

/* Begin PBXFileReference section */
		748E53A02ACC224900DFAC87 /* overclock.kext */ = {isa = PBXFileReference; explicitFileType = wrapper.cfbundle; includeInIndex = 0; path = overclock.kext; sourceTree = BUILT_PRODUCTS_DIR; };
		748E53A42ACC224900DFAC87 /* Kernel.framework */ = {isa = PBXFileReference; lastKnownFileType = wrapper.framework; name = Kernel.framework; path = System/Library/Frameworks/Kernel.framework; sourceTree = SDKROOT; };
		748E53A72ACC224900DFAC87 /* overclock-Info.plist */ = {isa = PBXFileReference; lastKnownFileType = text.plist.xml; path = "overclock-Info.plist"; sourceTree = "<group>"; };
		748E53A92ACC224900DFAC87 /* en */ = {isa = PBXFileReference; lastKnownFileType = text.plist.strings; name = en; path = en.lproj/InfoPlist.strings; sourceTree = "<group>"; };
		748E53AB2ACC224900DFAC87 /* overclock.c */ = {isa = PBXFileReference; lastKnownFileType = sourcecode.c.c; path = overclock.c; sourceTree = "<group>"; };
		748E53AD2ACC224900DFAC87 /* overclock-Prefix.pch */ = {isa = PBXFileReference; lastKnownFileType = sourcecode.c.h; path = "overclock-Prefix.pch"; sourceTree = "<group>"; };
		74AA8EA42AE11C6000D1885C /* smbus_i386.s */ = {isa = PBXFileReference; fileEncoding = 4; lastKnownFileType = sourcecode.asm; path = smbus_i386.s; sourceTree = "<group>"; };
		74AA8EA52AE11C6100D1885C /* smbus_x86_64.s */ = {isa = PBXFileReference; fileEncoding = 4; lastKnownFileType = sourcecode.asm; path = smbus_x86_64.s; sourceTree = "<group>"; };
		74AA8EAC2AE1278E00D1885C /* overclock_fsb */ = {isa = PBXFileReference; explicitFileType = "compiled.mach-o.executable"; includeInIndex = 0; path = overclock_fsb; sourceTree = BUILT_PRODUCTS_DIR; };
		74AA8EAE2AE1278E00D1885C /* main.c */ = {isa = PBXFileReference; lastKnownFileType = sourcecode.c.c; path = main.c; sourceTree = "<group>"; };
/* End PBXFileReference section */

/* Begin PBXFrameworksBuildPhase section */
		748E539B2ACC224800DFAC87 /* Frameworks */ = {
			isa = PBXFrameworksBuildPhase;
			buildActionMask = 2147483647;
			files = (
			);
			runOnlyForDeploymentPostprocessing = 0;
		};
		74AA8EA92AE1278E00D1885C /* Frameworks */ = {
			isa = PBXFrameworksBuildPhase;
			buildActionMask = 2147483647;
			files = (
			);
			runOnlyForDeploymentPostprocessing = 0;
		};
/* End PBXFrameworksBuildPhase section */

/* Begin PBXGroup section */
		748E53932ACC224800DFAC87 = {
			isa = PBXGroup;
			children = (
				748E53A52ACC224900DFAC87 /* overclock */,
				74AA8EAD2AE1278E00D1885C /* overclock_fsb */,
				748E53A22ACC224900DFAC87 /* Frameworks */,
				748E53A12ACC224900DFAC87 /* Products */,
			);
			sourceTree = "<group>";
		};
		748E53A12ACC224900DFAC87 /* Products */ = {
			isa = PBXGroup;
			children = (
				748E53A02ACC224900DFAC87 /* overclock.kext */,
				74AA8EAC2AE1278E00D1885C /* overclock_fsb */,
			);
			name = Products;
			sourceTree = "<group>";
		};
		748E53A22ACC224900DFAC87 /* Frameworks */ = {
			isa = PBXGroup;
			children = (
				748E53A32ACC224900DFAC87 /* Other Frameworks */,
			);
			name = Frameworks;
			sourceTree = "<group>";
		};
		748E53A32ACC224900DFAC87 /* Other Frameworks */ = {
			isa = PBXGroup;
			children = (
				748E53A42ACC224900DFAC87 /* Kernel.framework */,
			);
			name = "Other Frameworks";
			sourceTree = "<group>";
		};
		748E53A52ACC224900DFAC87 /* overclock */ = {
			isa = PBXGroup;
			children = (
				748E53AB2ACC224900DFAC87 /* overclock.c */,
				74AA8EA42AE11C6000D1885C /* smbus_i386.s */,
				74AA8EA52AE11C6100D1885C /* smbus_x86_64.s */,
				748E53A62ACC224900DFAC87 /* Supporting Files */,
			);
			path = overclock;
			sourceTree = "<group>";
		};
		748E53A62ACC224900DFAC87 /* Supporting Files */ = {
			isa = PBXGroup;
			children = (
				748E53A72ACC224900DFAC87 /* overclock-Info.plist */,
				748E53A82ACC224900DFAC87 /* InfoPlist.strings */,
				748E53AD2ACC224900DFAC87 /* overclock-Prefix.pch */,
			);
			name = "Supporting Files";
			sourceTree = "<group>";
		};
		74AA8EAD2AE1278E00D1885C /* overclock_fsb */ = {
			isa = PBXGroup;
			children = (
				74AA8EAE2AE1278E00D1885C /* main.c */,
			);
			path = overclock_fsb;
			sourceTree = "<group>";
		};
/* End PBXGroup section */

/* Begin PBXHeadersBuildPhase section */
		748E539C2ACC224800DFAC87 /* Headers */ = {
			isa = PBXHeadersBuildPhase;
			buildActionMask = 2147483647;
			files = (
			);
			runOnlyForDeploymentPostprocessing = 0;
		};
/* End PBXHeadersBuildPhase section */

/* Begin PBXNativeTarget section */
		748E539F2ACC224800DFAC87 /* overclock */ = {
			isa = PBXNativeTarget;
			buildConfigurationList = 748E53B02ACC224900DFAC87 /* Build configuration list for PBXNativeTarget "overclock" */;
			buildPhases = (
				748E539A2ACC224800DFAC87 /* Sources */,
				748E539B2ACC224800DFAC87 /* Frameworks */,
				748E539C2ACC224800DFAC87 /* Headers */,
				748E539D2ACC224800DFAC87 /* Resources */,
				748E539E2ACC224800DFAC87 /* Rez */,
			);
			buildRules = (
			);
			dependencies = (
			);
			name = overclock;
			productName = overclock;
			productReference = 748E53A02ACC224900DFAC87 /* overclock.kext */;
			productType = "com.apple.product-type.kernel-extension";
		};
		74AA8EAB2AE1278E00D1885C /* overclock_fsb */ = {
			isa = PBXNativeTarget;
			buildConfigurationList = 74AA8EB02AE1278E00D1885C /* Build configuration list for PBXNativeTarget "overclock_fsb" */;
			buildPhases = (
				74AA8EA82AE1278E00D1885C /* Sources */,
				74AA8EA92AE1278E00D1885C /* Frameworks */,
				74AA8EAA2AE1278E00D1885C /* CopyFiles */,
			);
			buildRules = (
			);
			dependencies = (
			);
			name = overclock_fsb;
			productName = overclock_fsb;
			productReference = 74AA8EAC2AE1278E00D1885C /* overclock_fsb */;
			productType = "com.apple.product-type.tool";
		};
/* End PBXNativeTarget section */

/* Begin PBXProject section */
		748E53952ACC224800DFAC87 /* Project object */ = {
			isa = PBXProject;
			attributes = {
				LastUpgradeCheck = 0420;
				TargetAttributes = {
					74AA8EAB2AE1278E00D1885C = {
						CreatedOnToolsVersion = 14.2;
						DevelopmentTeam = YVWF5EN77A;
						ProvisioningStyle = Automatic;
					};
				};
			};
			buildConfigurationList = 748E53982ACC224800DFAC87 /* Build configuration list for PBXProject "overclock" */;
			compatibilityVersion = "Xcode 3.1";
			developmentRegion = en;
			hasScannedForEncodings = 0;
			knownRegions = (
				English,
				en,
			);
			mainGroup = 748E53932ACC224800DFAC87;
			productRefGroup = 748E53A12ACC224900DFAC87 /* Products */;
			projectDirPath = "";
			projectRoot = "";
			targets = (
				748E539F2ACC224800DFAC87 /* overclock */,
				74AA8EAB2AE1278E00D1885C /* overclock_fsb */,
			);
		};
/* End PBXProject section */

/* Begin PBXResourcesBuildPhase section */
		748E539D2ACC224800DFAC87 /* Resources */ = {
			isa = PBXResourcesBuildPhase;
			buildActionMask = 2147483647;
			files = (
				748E53AA2ACC224900DFAC87 /* InfoPlist.strings in Resources */,
			);
			runOnlyForDeploymentPostprocessing = 0;
		};
/* End PBXResourcesBuildPhase section */

/* Begin PBXRezBuildPhase section */
		748E539E2ACC224800DFAC87 /* Rez */ = {
			isa = PBXRezBuildPhase;
			buildActionMask = 2147483647;
			files = (
			);
			runOnlyForDeploymentPostprocessing = 0;
		};
/* End PBXRezBuildPhase section */

/* Begin PBXSourcesBuildPhase section */
		748E539A2ACC224800DFAC87 /* Sources */ = {
			isa = PBXSourcesBuildPhase;
			buildActionMask = 2147483647;
			files = (
				74AA8EA62AE11C6100D1885C /* smbus_i386.s in Sources */,
				748E53AC2ACC224900DFAC87 /* overclock.c in Sources */,
				74AA8EA72AE11C6100D1885C /* smbus_x86_64.s in Sources */,
			);
			runOnlyForDeploymentPostprocessing = 0;
		};
		74AA8EA82AE1278E00D1885C /* Sources */ = {
			isa = PBXSourcesBuildPhase;
			buildActionMask = 2147483647;
			files = (
				74AA8EAF2AE1278E00D1885C /* main.c in Sources */,
			);
			runOnlyForDeploymentPostprocessing = 0;
		};
/* End PBXSourcesBuildPhase section */

/* Begin PBXVariantGroup section */
		748E53A82ACC224900DFAC87 /* InfoPlist.strings */ = {
			isa = PBXVariantGroup;
			children = (
				748E53A92ACC224900DFAC87 /* en */,
			);
			name = InfoPlist.strings;
			sourceTree = "<group>";
		};
/* End PBXVariantGroup section */

/* Begin XCBuildConfiguration section */
		748E53AE2ACC224900DFAC87 /* Debug */ = {
			isa = XCBuildConfiguration;
			buildSettings = {
				ALWAYS_SEARCH_USER_PATHS = NO;
				ARCHS = "$(ARCHS_STANDARD_32_64_BIT)";
				COPY_PHASE_STRIP = NO;
				GCC_C_LANGUAGE_STANDARD = gnu99;
				GCC_DYNAMIC_NO_PIC = NO;
				GCC_ENABLE_OBJC_EXCEPTIONS = YES;
				GCC_OPTIMIZATION_LEVEL = 0;
				GCC_PREPROCESSOR_DEFINITIONS = (
					"DEBUG=1",
					"$(inherited)",
				);
				GCC_SYMBOLS_PRIVATE_EXTERN = NO;
				GCC_WARN_64_TO_32_BIT_CONVERSION = YES;
				GCC_WARN_ABOUT_MISSING_PROTOTYPES = YES;
				GCC_WARN_ABOUT_RETURN_TYPE = YES;
				GCC_WARN_UNUSED_VARIABLE = YES;
				MACOSX_DEPLOYMENT_TARGET = 10.5;
				ONLY_ACTIVE_ARCH = NO;
				SDKROOT = "";
			};
			name = Debug;
		};
		748E53AF2ACC224900DFAC87 /* Release */ = {
			isa = XCBuildConfiguration;
			buildSettings = {
				ALWAYS_SEARCH_USER_PATHS = NO;
				ARCHS = x86_64;
				COPY_PHASE_STRIP = YES;
				DEBUG_INFORMATION_FORMAT = "dwarf-with-dsym";
				GCC_C_LANGUAGE_STANDARD = gnu99;
				GCC_ENABLE_OBJC_EXCEPTIONS = YES;
				GCC_WARN_64_TO_32_BIT_CONVERSION = YES;
				GCC_WARN_ABOUT_MISSING_PROTOTYPES = YES;
				GCC_WARN_ABOUT_RETURN_TYPE = YES;
				GCC_WARN_UNUSED_VARIABLE = YES;
				MACOSX_DEPLOYMENT_TARGET = 10.5;
				ONLY_ACTIVE_ARCH = NO;
				SDKROOT = "";
			};
			name = Release;
		};
		748E53B12ACC224900DFAC87 /* Debug */ = {
			isa = XCBuildConfiguration;
			buildSettings = {
				ARCHS = (
					i386,
					x86_64,
				);
				GCC_PRECOMPILE_PREFIX_HEADER = YES;
				GCC_PREFIX_HEADER = "overclock/overclock-Prefix.pch";
				INFOPLIST_FILE = "overclock/overclock-Info.plist";
				INSTALL_PATH = "$(SYSTEM_LIBRARY_DIR)/Extensions";
				MACOSX_DEPLOYMENT_TARGET = 10.5;
				MARKETING_VERSION = 1.0;
				MODULE_NAME = co.mk.overclock;
				MODULE_START = overclock_start;
				MODULE_STOP = overclock_stop;
				MODULE_VERSION = 1.0.0d1;
				ONLY_ACTIVE_ARCH = YES;
				PRODUCT_BUNDLE_IDENTIFIER = co.mk.overclock;
				PRODUCT_NAME = "$(TARGET_NAME)";
				SDKROOT = "";
				WRAPPER_EXTENSION = kext;
			};
			name = Debug;
		};
		748E53B22ACC224900DFAC87 /* Release */ = {
			isa = XCBuildConfiguration;
			buildSettings = {
				ARCHS = (
					i386,
					x86_64,
				);
				GCC_PRECOMPILE_PREFIX_HEADER = YES;
				GCC_PREFIX_HEADER = "overclock/overclock-Prefix.pch";
				INFOPLIST_FILE = "overclock/overclock-Info.plist";
				INSTALL_PATH = "$(SYSTEM_LIBRARY_DIR)/Extensions";
				MACOSX_DEPLOYMENT_TARGET = 10.5;
				MARKETING_VERSION = 1.0;
				MODULE_NAME = co.mk.overclock;
				MODULE_START = overclock_start;
				MODULE_STOP = overclock_stop;
				MODULE_VERSION = 1.0.0d1;
				PRODUCT_BUNDLE_IDENTIFIER = co.mk.overclock;
				PRODUCT_NAME = "$(TARGET_NAME)";
				SDKROOT = "";
				WRAPPER_EXTENSION = kext;
			};
			name = Release;
		};
		74AA8EB12AE1278E00D1885C /* Debug */ = {
			isa = XCBuildConfiguration;
			buildSettings = {
				ARCHS = x86_64;
				CLANG_ANALYZER_NONNULL = YES;
				CLANG_ANALYZER_NUMBER_OBJECT_CONVERSION = YES_AGGRESSIVE;
				CLANG_ENABLE_MODULES = YES;
				CLANG_ENABLE_OBJC_ARC = YES;
				CLANG_ENABLE_OBJC_WEAK = YES;
				CLANG_WARN_BLOCK_CAPTURE_AUTORELEASING = YES;
				CLANG_WARN_BOOL_CONVERSION = YES;
				CLANG_WARN_COMMA = YES;
				CLANG_WARN_CONSTANT_CONVERSION = YES;
				CLANG_WARN_DEPRECATED_OBJC_IMPLEMENTATIONS = YES;
				CLANG_WARN_DIRECT_OBJC_ISA_USAGE = YES_ERROR;
				CLANG_WARN_DOCUMENTATION_COMMENTS = YES;
				CLANG_WARN_EMPTY_BODY = YES;
				CLANG_WARN_ENUM_CONVERSION = YES;
				CLANG_WARN_INFINITE_RECURSION = YES;
				CLANG_WARN_INT_CONVERSION = YES;
				CLANG_WARN_NON_LITERAL_NULL_CONVERSION = YES;
				CLANG_WARN_OBJC_IMPLICIT_RETAIN_SELF = YES;
				CLANG_WARN_OBJC_LITERAL_CONVERSION = YES;
				CLANG_WARN_OBJC_ROOT_CLASS = YES_ERROR;
				CLANG_WARN_QUOTED_INCLUDE_IN_FRAMEWORK_HEADER = YES;
				CLANG_WARN_RANGE_LOOP_ANALYSIS = YES;
				CLANG_WARN_STRICT_PROTOTYPES = YES;
				CLANG_WARN_SUSPICIOUS_MOVE = YES;
				CLANG_WARN_UNGUARDED_AVAILABILITY = YES_AGGRESSIVE;
				CLANG_WARN_UNREACHABLE_CODE = YES;
				CLANG_WARN__DUPLICATE_METHOD_MATCH = YES;
				CODE_SIGN_STYLE = Automatic;
				DEBUG_INFORMATION_FORMAT = dwarf;
				DEVELOPMENT_TEAM = YVWF5EN77A;
				ENABLE_HARDENED_RUNTIME = YES;
				ENABLE_STRICT_OBJC_MSGSEND = YES;
				ENABLE_TESTABILITY = YES;
				GCC_NO_COMMON_BLOCKS = YES;
				GCC_WARN_ABOUT_RETURN_TYPE = YES_ERROR;
				GCC_WARN_UNDECLARED_SELECTOR = YES;
				GCC_WARN_UNINITIALIZED_AUTOS = YES_AGGRESSIVE;
				GCC_WARN_UNUSED_FUNCTION = YES;
				MACOSX_DEPLOYMENT_TARGET = 10.5;
				MTL_ENABLE_DEBUG_INFO = INCLUDE_SOURCE;
				MTL_FAST_MATH = YES;
				PRODUCT_NAME = "$(TARGET_NAME)";
				SDKROOT = "";
			};
			name = Debug;
		};
		74AA8EB22AE1278E00D1885C /* Release */ = {
			isa = XCBuildConfiguration;
			buildSettings = {
				CLANG_ANALYZER_NONNULL = YES;
				CLANG_ANALYZER_NUMBER_OBJECT_CONVERSION = YES_AGGRESSIVE;
				CLANG_ENABLE_MODULES = YES;
				CLANG_ENABLE_OBJC_ARC = YES;
				CLANG_ENABLE_OBJC_WEAK = YES;
				CLANG_WARN_BLOCK_CAPTURE_AUTORELEASING = YES;
				CLANG_WARN_BOOL_CONVERSION = YES;
				CLANG_WARN_COMMA = YES;
				CLANG_WARN_CONSTANT_CONVERSION = YES;
				CLANG_WARN_DEPRECATED_OBJC_IMPLEMENTATIONS = YES;
				CLANG_WARN_DIRECT_OBJC_ISA_USAGE = YES_ERROR;
				CLANG_WARN_DOCUMENTATION_COMMENTS = YES;
				CLANG_WARN_EMPTY_BODY = YES;
				CLANG_WARN_ENUM_CONVERSION = YES;
				CLANG_WARN_INFINITE_RECURSION = YES;
				CLANG_WARN_INT_CONVERSION = YES;
				CLANG_WARN_NON_LITERAL_NULL_CONVERSION = YES;
				CLANG_WARN_OBJC_IMPLICIT_RETAIN_SELF = YES;
				CLANG_WARN_OBJC_LITERAL_CONVERSION = YES;
				CLANG_WARN_OBJC_ROOT_CLASS = YES_ERROR;
				CLANG_WARN_QUOTED_INCLUDE_IN_FRAMEWORK_HEADER = YES;
				CLANG_WARN_RANGE_LOOP_ANALYSIS = YES;
				CLANG_WARN_STRICT_PROTOTYPES = YES;
				CLANG_WARN_SUSPICIOUS_MOVE = YES;
				CLANG_WARN_UNGUARDED_AVAILABILITY = YES_AGGRESSIVE;
				CLANG_WARN_UNREACHABLE_CODE = YES;
				CLANG_WARN__DUPLICATE_METHOD_MATCH = YES;
				CODE_SIGN_STYLE = Automatic;
				COPY_PHASE_STRIP = NO;
				DEVELOPMENT_TEAM = YVWF5EN77A;
				ENABLE_HARDENED_RUNTIME = YES;
				ENABLE_NS_ASSERTIONS = NO;
				ENABLE_STRICT_OBJC_MSGSEND = YES;
				GCC_NO_COMMON_BLOCKS = YES;
				GCC_WARN_ABOUT_RETURN_TYPE = YES_ERROR;
				GCC_WARN_UNDECLARED_SELECTOR = YES;
				GCC_WARN_UNINITIALIZED_AUTOS = YES_AGGRESSIVE;
				GCC_WARN_UNUSED_FUNCTION = YES;
				MACOSX_DEPLOYMENT_TARGET = 10.5;
				MTL_ENABLE_DEBUG_INFO = NO;
				MTL_FAST_MATH = YES;
				PRODUCT_NAME = "$(TARGET_NAME)";
				SDKROOT = "";
			};
			name = Release;
		};
/* End XCBuildConfiguration section */

/* Begin XCConfigurationList section */
		748E53982ACC224800DFAC87 /* Build configuration list for PBXProject "overclock" */ = {
			isa = XCConfigurationList;
			buildConfigurations = (
				748E53AE2ACC224900DFAC87 /* Debug */,
				748E53AF2ACC224900DFAC87 /* Release */,
			);
			defaultConfigurationIsVisible = 0;
			defaultConfigurationName = Release;
		};
		748E53B02ACC224900DFAC87 /* Build configuration list for PBXNativeTarget "overclock" */ = {
			isa = XCConfigurationList;
			buildConfigurations = (
				748E53B12ACC224900DFAC87 /* Debug */,
				748E53B22ACC224900DFAC87 /* Release */,
			);
			defaultConfigurationIsVisible = 0;
			defaultConfigurationName = Release;
		};
		74AA8EB02AE1278E00D1885C /* Build configuration list for PBXNativeTarget "overclock_fsb" */ = {
			isa = XCConfigurationList;
			buildConfigurations = (
				74AA8EB12AE1278E00D1885C /* Debug */,
				74AA8EB22AE1278E00D1885C /* Release */,
			);
			defaultConfigurationIsVisible = 0;
			defaultConfigurationName = Release;
		};
/* End XCConfigurationList section */
	};
	rootObject = 748E53952ACC224800DFAC87 /* Project object */;
}
